{
  "originHash" : "fbdec518f66720abc9cceef1ea36ee3229c4faa09fdcfd36f45e77839c989f98",
  "pins" : [
    {
      "identity" : "purchases-ios",
      "kind" : "remoteSourceControl",
      "location" : "https://github.com/RevenueCat/purchases-ios",
      "state" : {
        "revision" : "8d258661d1e5be78f39ad4b37b5ed72cf073149d",
        "version" : "5.48.0"
      }
    }
  ],
  "version" : 3
}
