// !$*UTF8*$!
{
	archiveVersion = 1;
	classes = {
	};
	objectVersion = 77;
	objects = {

/* Begin PBXBuildFile section */
		4C5BCAEA2EC6DC360046E6EE /* Shimmer.swift in Sources */ = {isa = PBXBuildFile; fileRef = 4C5BCAE92EC6DC190046E6EE /* Shimmer.swift */; };
		4C5BCAEC2EC6DC890046E6EE /* SkeletonView.swift in Sources */ = {isa = PBXBuildFile; fileRef = 4C5BCAEB2EC6DC670046E6EE /* SkeletonView.swift */; };
		4C5BCAFC2EC80F500046E6EE /* PaywallView.swift in Sources */ = {isa = PBXBuildFile; fileRef = 4C5BCAFB2EC80F3A0046E6EE /* PaywallView.swift */; };
		4C5BCAFF2EC818570046E6EE /* RevenueCat in Frameworks */ = {isa = PBXBuildFile; productRef = 4C5BCAFE2EC818570046E6EE /* RevenueCat */; };
		4C5BCB012EC818570046E6EE /* RevenueCatUI in Frameworks */ = {isa = PBXBuildFile; productRef = 4C5BCB002EC818570046E6EE /* RevenueCatUI */; };
		4C7D41732ED5985800AD7AC7 /* Color+Brand.swift in Sources */ = {isa = PBXBuildFile; fileRef = 4C7D41722ED5985800AD7AC7 /* Color+Brand.swift */; };
		4C8D7F6E2EC580DA00B42753 /* CameraPickerView.swift in Sources */ = {isa = PBXBuildFile; fileRef = 4C8D7F6D2EC580DA00B42753 /* CameraPickerView.swift */; };
		4C8FC2552ED0DD3300A5A287 /* README.md in Resources */ = {isa = PBXBuildFile; fileRef = 4C8FC2542ED0DD3300A5A287 /* README.md */; };
		4C8FC2572ED0DD7E00A5A287 /* README-ja.md in Resources */ = {isa = PBXBuildFile; fileRef = 4C8FC2562ED0DD7E00A5A287 /* README-ja.md */; };
		4C8FC2592ED0DE3A00A5A287 /* README-zh-Hant.md in Resources */ = {isa = PBXBuildFile; fileRef = 4C8FC2582ED0DE3A00A5A287 /* README-zh-Hant.md */; };
		4CB66FE32ED6996F00CA4BDC /* DisclaimerButton.swift in Sources */ = {isa = PBXBuildFile; fileRef = 4CB66FE22ED6996F00CA4BDC /* DisclaimerButton.swift */; };
		4CB6700D2ED7F77F00CA4BDC /* DataSourcesButton.swift in Sources */ = {isa = PBXBuildFile; fileRef = 4CB6700C2ED7F77F00CA4BDC /* DataSourcesButton.swift */; };
/* End PBXBuildFile section */

/* Begin PBXContainerItemProxy section */
		4C8D7F4F2EC56D6900B42753 /* PBXContainerItemProxy */ = {
			isa = PBXContainerItemProxy;
			containerPortal = 4C8D7F372EC56D6700B42753 /* Project object */;
			proxyType = 1;
			remoteGlobalIDString = 4C8D7F3E2EC56D6700B42753;
			remoteInfo = AICalorieEstimator;
		};
		4C8D7F592EC56D6900B42753 /* PBXContainerItemProxy */ = {
			isa = PBXContainerItemProxy;
			containerPortal = 4C8D7F372EC56D6700B42753 /* Project object */;
			proxyType = 1;
			remoteGlobalIDString = 4C8D7F3E2EC56D6700B42753;
			remoteInfo = AICalorieEstimator;
		};
/* End PBXContainerItemProxy section */

/* Begin PBXFileReference section */
		4C5BCAE92EC6DC190046E6EE /* Shimmer.swift */ = {isa = PBXFileReference; lastKnownFileType = sourcecode.swift; path = Shimmer.swift; sourceTree = "<group>"; };
		4C5BCAEB2EC6DC670046E6EE /* SkeletonView.swift */ = {isa = PBXFileReference; lastKnownFileType = sourcecode.swift; path = SkeletonView.swift; sourceTree = "<group>"; };
		4C5BCAFB2EC80F3A0046E6EE /* PaywallView.swift */ = {isa = PBXFileReference; lastKnownFileType = sourcecode.swift; path = PaywallView.swift; sourceTree = "<group>"; };
		4C7D41722ED5985800AD7AC7 /* Color+Brand.swift */ = {isa = PBXFileReference; lastKnownFileType = sourcecode.swift; path = "Color+Brand.swift"; sourceTree = "<group>"; };
		4C8D7F3F2EC56D6700B42753 /* AICalorieEstimator.app */ = {isa = PBXFileReference; explicitFileType = wrapper.application; includeInIndex = 0; path = AICalorieEstimator.app; sourceTree = BUILT_PRODUCTS_DIR; };
		4C8D7F4E2EC56D6900B42753 /* AICalorieEstimatorTests.xctest */ = {isa = PBXFileReference; explicitFileType = wrapper.cfbundle; includeInIndex = 0; path = AICalorieEstimatorTests.xctest; sourceTree = BUILT_PRODUCTS_DIR; };
		4C8D7F582EC56D6900B42753 /* AICalorieEstimatorUITests.xctest */ = {isa = PBXFileReference; explicitFileType = wrapper.cfbundle; includeInIndex = 0; path = AICalorieEstimatorUITests.xctest; sourceTree = BUILT_PRODUCTS_DIR; };
		4C8D7F6D2EC580DA00B42753 /* CameraPickerView.swift */ = {isa = PBXFileReference; lastKnownFileType = sourcecode.swift; path = CameraPickerView.swift; sourceTree = "<group>"; };
		4C8FC2542ED0DD3300A5A287 /* README.md */ = {isa = PBXFileReference; lastKnownFileType = net.daringfireball.markdown; path = README.md; sourceTree = "<group>"; };
		4C8FC2562ED0DD7E00A5A287 /* README-ja.md */ = {isa = PBXFileReference; lastKnownFileType = net.daringfireball.markdown; path = "README-ja.md"; sourceTree = "<group>"; };
		4C8FC2582ED0DE3A00A5A287 /* README-zh-Hant.md */ = {isa = PBXFileReference; lastKnownFileType = net.daringfireball.markdown; path = "README-zh-Hant.md"; sourceTree = "<group>"; };
		4CB66FE22ED6996F00CA4BDC /* DisclaimerButton.swift */ = {isa = PBXFileReference; lastKnownFileType = sourcecode.swift; path = DisclaimerButton.swift; sourceTree = "<group>"; };
		4CB6700C2ED7F77F00CA4BDC /* DataSourcesButton.swift */ = {isa = PBXFileReference; lastKnownFileType = sourcecode.swift; path = DataSourcesButton.swift; sourceTree = "<group>"; };
/* End PBXFileReference section */

/* Begin PBXFileSystemSynchronizedBuildFileExceptionSet section */
		4C8D7F6C2EC5749C00B42753 /* Exceptions for "AICalorieEstimator" folder in "AICalorieEstimator" target */ = {
			isa = PBXFileSystemSynchronizedBuildFileExceptionSet;
			membershipExceptions = (
				Info.plist,
			);
			target = 4C8D7F3E2EC56D6700B42753 /* AICalorieEstimator */;
		};
/* End PBXFileSystemSynchronizedBuildFileExceptionSet section */

/* Begin PBXFileSystemSynchronizedRootGroup section */
		4C8D7F412EC56D6700B42753 /* AICalorieEstimator */ = {
			isa = PBXFileSystemSynchronizedRootGroup;
			exceptions = (
				4C8D7F6C2EC5749C00B42753 /* Exceptions for "AICalorieEstimator" folder in "AICalorieEstimator" target */,
			);
			path = AICalorieEstimator;
			sourceTree = "<group>";
		};
		4C8D7F512EC56D6900B42753 /* AICalorieEstimatorTests */ = {
			isa = PBXFileSystemSynchronizedRootGroup;
			path = AICalorieEstimatorTests;
			sourceTree = "<group>";
		};
		4C8D7F5B2EC56D6900B42753 /* AICalorieEstimatorUITests */ = {
			isa = PBXFileSystemSynchronizedRootGroup;
			path = AICalorieEstimatorUITests;
			sourceTree = "<group>";
		};
/* End PBXFileSystemSynchronizedRootGroup section */

/* Begin PBXFrameworksBuildPhase section */
		4C8D7F3C2EC56D6700B42753 /* Frameworks */ = {
			isa = PBXFrameworksBuildPhase;
			buildActionMask = 2147483647;
			files = (
				4C5BCB012EC818570046E6EE /* RevenueCatUI in Frameworks */,
				4C5BCAFF2EC818570046E6EE /* RevenueCat in Frameworks */,
			);
			runOnlyForDeploymentPostprocessing = 0;
		};
		4C8D7F4B2EC56D6900B42753 /* Frameworks */ = {
			isa = PBXFrameworksBuildPhase;
			buildActionMask = 2147483647;
			files = (
			);
			runOnlyForDeploymentPostprocessing = 0;
		};
		4C8D7F552EC56D6900B42753 /* Frameworks */ = {
			isa = PBXFrameworksBuildPhase;
			buildActionMask = 2147483647;
			files = (
			);
			runOnlyForDeploymentPostprocessing = 0;
		};
/* End PBXFrameworksBuildPhase section */

/* Begin PBXGroup section */
		4C5BCAF82EC71CA50046E6EE /* Frameworks */ = {
			isa = PBXGroup;
			children = (
			);
			name = Frameworks;
			sourceTree = "<group>";
		};
		4C8D7F362EC56D6700B42753 = {
			isa = PBXGroup;
			children = (
				4C5BCAFB2EC80F3A0046E6EE /* PaywallView.swift */,
				4C5BCAEB2EC6DC670046E6EE /* SkeletonView.swift */,
				4C5BCAE92EC6DC190046E6EE /* Shimmer.swift */,
				4C8D7F6D2EC580DA00B42753 /* CameraPickerView.swift */,
				4C8D7F412EC56D6700B42753 /* AICalorieEstimator */,
				4C8D7F512EC56D6900B42753 /* AICalorieEstimatorTests */,
				4C8D7F5B2EC56D6900B42753 /* AICalorieEstimatorUITests */,
				4C5BCAF82EC71CA50046E6EE /* Frameworks */,
				4C8D7F402EC56D6700B42753 /* Products */,
				4C8FC2542ED0DD3300A5A287 /* README.md */,
				4C8FC2562ED0DD7E00A5A287 /* README-ja.md */,
				4C8FC2582ED0DE3A00A5A287 /* README-zh-Hant.md */,
				4C7D41722ED5985800AD7AC7 /* Color+Brand.swift */,
				4CB66FE22ED6996F00CA4BDC /* DisclaimerButton.swift */,
				4CB6700C2ED7F77F00CA4BDC /* DataSourcesButton.swift */,
			);
			sourceTree = "<group>";
		};
		4C8D7F402EC56D6700B42753 /* Products */ = {
			isa = PBXGroup;
			children = (
				4C8D7F3F2EC56D6700B42753 /* AICalorieEstimator.app */,
				4C8D7F4E2EC56D6900B42753 /* AICalorieEstimatorTests.xctest */,
				4C8D7F582EC56D6900B42753 /* AICalorieEstimatorUITests.xctest */,
			);
			name = Products;
			sourceTree = "<group>";
		};
/* End PBXGroup section */

/* Begin PBXNativeTarget section */
		4C8D7F3E2EC56D6700B42753 /* AICalorieEstimator */ = {
			isa = PBXNativeTarget;
			buildConfigurationList = 4C8D7F622EC56D6900B42753 /* Build configuration list for PBXNativeTarget "AICalorieEstimator" */;
			buildPhases = (
				4C8D7F3B2EC56D6700B42753 /* Sources */,
				4C8D7F3C2EC56D6700B42753 /* Frameworks */,
				4C8D7F3D2EC56D6700B42753 /* Resources */,
			);
			buildRules = (
			);
			dependencies = (
			);
			fileSystemSynchronizedGroups = (
				4C8D7F412EC56D6700B42753 /* AICalorieEstimator */,
			);
			name = AICalorieEstimator;
			packageProductDependencies = (
				4C5BCAFE2EC818570046E6EE /* RevenueCat */,
				4C5BCB002EC818570046E6EE /* RevenueCatUI */,
			);
			productName = AICalorieEstimator;
			productReference = 4C8D7F3F2EC56D6700B42753 /* AICalorieEstimator.app */;
			productType = "com.apple.product-type.application";
		};
		4C8D7F4D2EC56D6900B42753 /* AICalorieEstimatorTests */ = {
			isa = PBXNativeTarget;
			buildConfigurationList = 4C8D7F652EC56D6900B42753 /* Build configuration list for PBXNativeTarget "AICalorieEstimatorTests" */;
			buildPhases = (
				4C8D7F4A2EC56D6900B42753 /* Sources */,
				4C8D7F4B2EC56D6900B42753 /* Frameworks */,
				4C8D7F4C2EC56D6900B42753 /* Resources */,
			);
			buildRules = (
			);
			dependencies = (
				4C8D7F502EC56D6900B42753 /* PBXTargetDependency */,
			);
			fileSystemSynchronizedGroups = (
				4C8D7F512EC56D6900B42753 /* AICalorieEstimatorTests */,
			);
			name = AICalorieEstimatorTests;
			packageProductDependencies = (
			);
			productName = AICalorieEstimatorTests;
			productReference = 4C8D7F4E2EC56D6900B42753 /* AICalorieEstimatorTests.xctest */;
			productType = "com.apple.product-type.bundle.unit-test";
		};
		4C8D7F572EC56D6900B42753 /* AICalorieEstimatorUITests */ = {
			isa = PBXNativeTarget;
			buildConfigurationList = 4C8D7F682EC56D6900B42753 /* Build configuration list for PBXNativeTarget "AICalorieEstimatorUITests" */;
			buildPhases = (
				4C8D7F542EC56D6900B42753 /* Sources */,
				4C8D7F552EC56D6900B42753 /* Frameworks */,
				4C8D7F562EC56D6900B42753 /* Resources */,
			);
			buildRules = (
			);
			dependencies = (
				4C8D7F5A2EC56D6900B42753 /* PBXTargetDependency */,
			);
			fileSystemSynchronizedGroups = (
				4C8D7F5B2EC56D6900B42753 /* AICalorieEstimatorUITests */,
			);
			name = AICalorieEstimatorUITests;
			packageProductDependencies = (
			);
			productName = AICalorieEstimatorUITests;
			productReference = 4C8D7F582EC56D6900B42753 /* AICalorieEstimatorUITests.xctest */;
			productType = "com.apple.product-type.bundle.ui-testing";
		};
/* End PBXNativeTarget section */

/* Begin PBXProject section */
		4C8D7F372EC56D6700B42753 /* Project object */ = {
			isa = PBXProject;
			attributes = {
				BuildIndependentTargetsInParallel = 1;
				LastSwiftUpdateCheck = 2610;
				LastUpgradeCheck = 2610;
				TargetAttributes = {
					4C8D7F3E2EC56D6700B42753 = {
						CreatedOnToolsVersion = 26.1.1;
					};
					4C8D7F4D2EC56D6900B42753 = {
						CreatedOnToolsVersion = 26.1.1;
						TestTargetID = 4C8D7F3E2EC56D6700B42753;
					};
					4C8D7F572EC56D6900B42753 = {
						CreatedOnToolsVersion = 26.1.1;
						TestTargetID = 4C8D7F3E2EC56D6700B42753;
					};
				};
			};
			buildConfigurationList = 4C8D7F3A2EC56D6700B42753 /* Build configuration list for PBXProject "AICalorieEstimator" */;
			developmentRegion = "zh-Hant";
			hasScannedForEncodings = 0;
			knownRegions = (
				en,
				Base,
				"zh-Hant",
				ja,
			);
			mainGroup = 4C8D7F362EC56D6700B42753;
			minimizedProjectReferenceProxies = 1;
			packageReferences = (
				4C5BCAFD2EC818570046E6EE /* XCRemoteSwiftPackageReference "purchases-ios" */,
			);
			preferredProjectObjectVersion = 77;
			productRefGroup = 4C8D7F402EC56D6700B42753 /* Products */;
			projectDirPath = "";
			projectRoot = "";
			targets = (
				4C8D7F3E2EC56D6700B42753 /* AICalorieEstimator */,
				4C8D7F4D2EC56D6900B42753 /* AICalorieEstimatorTests */,
				4C8D7F572EC56D6900B42753 /* AICalorieEstimatorUITests */,
			);
		};
/* End PBXProject section */

/* Begin PBXResourcesBuildPhase section */
		4C8D7F3D2EC56D6700B42753 /* Resources */ = {
			isa = PBXResourcesBuildPhase;
			buildActionMask = 2147483647;
			files = (
				4C8FC2552ED0DD3300A5A287 /* README.md in Resources */,
				4C8FC2592ED0DE3A00A5A287 /* README-zh-Hant.md in Resources */,
				4C8FC2572ED0DD7E00A5A287 /* README-ja.md in Resources */,
			);
			runOnlyForDeploymentPostprocessing = 0;
		};
		4C8D7F4C2EC56D6900B42753 /* Resources */ = {
			isa = PBXResourcesBuildPhase;
			buildActionMask = 2147483647;
			files = (
			);
			runOnlyForDeploymentPostprocessing = 0;
		};
		4C8D7F562EC56D6900B42753 /* Resources */ = {
			isa = PBXResourcesBuildPhase;
			buildActionMask = 2147483647;
			files = (
			);
			runOnlyForDeploymentPostprocessing = 0;
		};
/* End PBXResourcesBuildPhase section */

/* Begin PBXSourcesBuildPhase section */
		4C8D7F3B2EC56D6700B42753 /* Sources */ = {
			isa = PBXSourcesBuildPhase;
			buildActionMask = 2147483647;
			files = (
				4C5BCAFC2EC80F500046E6EE /* PaywallView.swift in Sources */,
				4C5BCAEC2EC6DC890046E6EE /* SkeletonView.swift in Sources */,
				4CB66FE32ED6996F00CA4BDC /* DisclaimerButton.swift in Sources */,
				4CB6700D2ED7F77F00CA4BDC /* DataSourcesButton.swift in Sources */,
				4C5BCAEA2EC6DC360046E6EE /* Shimmer.swift in Sources */,
				4C7D41732ED5985800AD7AC7 /* Color+Brand.swift in Sources */,
				4C8D7F6E2EC580DA00B42753 /* CameraPickerView.swift in Sources */,
			);
			runOnlyForDeploymentPostprocessing = 0;
		};
		4C8D7F4A2EC56D6900B42753 /* Sources */ = {
			isa = PBXSourcesBuildPhase;
			buildActionMask = 2147483647;
			files = (
			);
			runOnlyForDeploymentPostprocessing = 0;
		};
		4C8D7F542EC56D6900B42753 /* Sources */ = {
			isa = PBXSourcesBuildPhase;
			buildActionMask = 2147483647;
			files = (
			);
			runOnlyForDeploymentPostprocessing = 0;
		};
/* End PBXSourcesBuildPhase section */

/* Begin PBXTargetDependency section */
		4C8D7F502EC56D6900B42753 /* PBXTargetDependency */ = {
			isa = PBXTargetDependency;
			target = 4C8D7F3E2EC56D6700B42753 /* AICalorieEstimator */;
			targetProxy = 4C8D7F4F2EC56D6900B42753 /* PBXContainerItemProxy */;
		};
		4C8D7F5A2EC56D6900B42753 /* PBXTargetDependency */ = {
			isa = PBXTargetDependency;
			target = 4C8D7F3E2EC56D6700B42753 /* AICalorieEstimator */;
			targetProxy = 4C8D7F592EC56D6900B42753 /* PBXContainerItemProxy */;
		};
/* End PBXTargetDependency section */

/* Begin XCBuildConfiguration section */
		4C8D7F602EC56D6900B42753 /* Debug */ = {
			isa = XCBuildConfiguration;
			buildSettings = {
				ALWAYS_SEARCH_USER_PATHS = NO;
				ASSETCATALOG_COMPILER_GENERATE_SWIFT_ASSET_SYMBOL_EXTENSIONS = YES;
				CLANG_ANALYZER_LOCALIZABILITY_NONLOCALIZED = YES;
				CLANG_ANALYZER_NONNULL = YES;
				CLANG_ANALYZER_NUMBER_OBJECT_CONVERSION = YES_AGGRESSIVE;
				CLANG_CXX_LANGUAGE_STANDARD = "gnu++20";
				CLANG_ENABLE_MODULES = YES;
				CLANG_ENABLE_OBJC_ARC = YES;
				CLANG_ENABLE_OBJC_WEAK = YES;
				CLANG_WARN_BLOCK_CAPTURE_AUTORELEASING = YES;
				CLANG_WARN_BOOL_CONVERSION = YES;
				CLANG_WARN_COMMA = YES;
				CLANG_WARN_CONSTANT_CONVERSION = YES;
				CLANG_WARN_DEPRECATED_OBJC_IMPLEMENTATIONS = YES;
				CLANG_WARN_DIRECT_OBJC_ISA_USAGE = YES_ERROR;
				CLANG_WARN_DOCUMENTATION_COMMENTS = YES;
				CLANG_WARN_EMPTY_BODY = YES;
				CLANG_WARN_ENUM_CONVERSION = YES;
				CLANG_WARN_INFINITE_RECURSION = YES;
				CLANG_WARN_INT_CONVERSION = YES;
				CLANG_WARN_NON_LITERAL_NULL_CONVERSION = YES;
				CLANG_WARN_OBJC_IMPLICIT_RETAIN_SELF = YES;
				CLANG_WARN_OBJC_LITERAL_CONVERSION = YES;
				CLANG_WARN_OBJC_ROOT_CLASS = YES_ERROR;
				CLANG_WARN_QUOTED_INCLUDE_IN_FRAMEWORK_HEADER = YES;
				CLANG_WARN_RANGE_LOOP_ANALYSIS = YES;
				CLANG_WARN_STRICT_PROTOTYPES = YES;
				CLANG_WARN_SUSPICIOUS_MOVE = YES;
				CLANG_WARN_UNGUARDED_AVAILABILITY = YES_AGGRESSIVE;
				CLANG_WARN_UNREACHABLE_CODE = YES;
				CLANG_WARN__DUPLICATE_METHOD_MATCH = YES;
				COPY_PHASE_STRIP = NO;
				DEBUG_INFORMATION_FORMAT = "dwarf-with-dsym";
				DEVELOPMENT_TEAM = 2RF44L5UDV;
				ENABLE_STRICT_OBJC_MSGSEND = YES;
				ENABLE_TESTABILITY = YES;
				ENABLE_USER_SCRIPT_SANDBOXING = YES;
				GCC_C_LANGUAGE_STANDARD = gnu17;
				GCC_DYNAMIC_NO_PIC = NO;
				GCC_NO_COMMON_BLOCKS = YES;
				GCC_OPTIMIZATION_LEVEL = 0;
				GCC_PREPROCESSOR_DEFINITIONS = (
					"DEBUG=1",
					"$(inherited)",
				);
				GCC_WARN_64_TO_32_BIT_CONVERSION = YES;
				GCC_WARN_ABOUT_RETURN_TYPE = YES_ERROR;
				GCC_WARN_UNDECLARED_SELECTOR = YES;
				GCC_WARN_UNINITIALIZED_AUTOS = YES_AGGRESSIVE;
				GCC_WARN_UNUSED_FUNCTION = YES;
				GCC_WARN_UNUSED_VARIABLE = YES;
				LOCALIZATION_PREFERS_STRING_CATALOGS = YES;
				MTL_ENABLE_DEBUG_INFO = INCLUDE_SOURCE;
				MTL_FAST_MATH = YES;
				ONLY_ACTIVE_ARCH = YES;
				SWIFT_ACTIVE_COMPILATION_CONDITIONS = "DEBUG $(inherited)";
				SWIFT_OPTIMIZATION_LEVEL = "-Onone";
			};
			name = Debug;
		};
		4C8D7F612EC56D6900B42753 /* Release */ = {
			isa = XCBuildConfiguration;
			buildSettings = {
				ALWAYS_SEARCH_USER_PATHS = NO;
				ASSETCATALOG_COMPILER_GENERATE_SWIFT_ASSET_SYMBOL_EXTENSIONS = YES;
				CLANG_ANALYZER_LOCALIZABILITY_NONLOCALIZED = YES;
				CLANG_ANALYZER_NONNULL = YES;
				CLANG_ANALYZER_NUMBER_OBJECT_CONVERSION = YES_AGGRESSIVE;
				CLANG_CXX_LANGUAGE_STANDARD = "gnu++20";
				CLANG_ENABLE_MODULES = YES;
				CLANG_ENABLE_OBJC_ARC = YES;
				CLANG_ENABLE_OBJC_WEAK = YES;
				CLANG_WARN_BLOCK_CAPTURE_AUTORELEASING = YES;
				CLANG_WARN_BOOL_CONVERSION = YES;
				CLANG_WARN_COMMA = YES;
				CLANG_WARN_CONSTANT_CONVERSION = YES;
				CLANG_WARN_DEPRECATED_OBJC_IMPLEMENTATIONS = YES;
				CLANG_WARN_DIRECT_OBJC_ISA_USAGE = YES_ERROR;
				CLANG_WARN_DOCUMENTATION_COMMENTS = YES;
				CLANG_WARN_EMPTY_BODY = YES;
				CLANG_WARN_ENUM_CONVERSION = YES;
				CLANG_WARN_INFINITE_RECURSION = YES;
				CLANG_WARN_INT_CONVERSION = YES;
				CLANG_WARN_NON_LITERAL_NULL_CONVERSION = YES;
				CLANG_WARN_OBJC_IMPLICIT_RETAIN_SELF = YES;
				CLANG_WARN_OBJC_LITERAL_CONVERSION = YES;
				CLANG_WARN_OBJC_ROOT_CLASS = YES_ERROR;
				CLANG_WARN_QUOTED_INCLUDE_IN_FRAMEWORK_HEADER = YES;
				CLANG_WARN_RANGE_LOOP_ANALYSIS = YES;
				CLANG_WARN_STRICT_PROTOTYPES = YES;
				CLANG_WARN_SUSPICIOUS_MOVE = YES;
				CLANG_WARN_UNGUARDED_AVAILABILITY = YES_AGGRESSIVE;
				CLANG_WARN_UNREACHABLE_CODE = YES;
				CLANG_WARN__DUPLICATE_METHOD_MATCH = YES;
				COPY_PHASE_STRIP = NO;
				DEBUG_INFORMATION_FORMAT = "dwarf-with-dsym";
				DEVELOPMENT_TEAM = 2RF44L5UDV;
				ENABLE_NS_ASSERTIONS = NO;
				ENABLE_STRICT_OBJC_MSGSEND = YES;
				ENABLE_USER_SCRIPT_SANDBOXING = YES;
				GCC_C_LANGUAGE_STANDARD = gnu17;
				GCC_NO_COMMON_BLOCKS = YES;
				GCC_WARN_64_TO_32_BIT_CONVERSION = YES;
				GCC_WARN_ABOUT_RETURN_TYPE = YES_ERROR;
				GCC_WARN_UNDECLARED_SELECTOR = YES;
				GCC_WARN_UNINITIALIZED_AUTOS = YES_AGGRESSIVE;
				GCC_WARN_UNUSED_FUNCTION = YES;
				GCC_WARN_UNUSED_VARIABLE = YES;
				LOCALIZATION_PREFERS_STRING_CATALOGS = YES;
				MTL_ENABLE_DEBUG_INFO = NO;
				MTL_FAST_MATH = YES;
				SWIFT_COMPILATION_MODE = wholemodule;
			};
			name = Release;
		};
		4C8D7F632EC56D6900B42753 /* Debug */ = {
			isa = XCBuildConfiguration;
			buildSettings = {
				ASSETCATALOG_COMPILER_APPICON_NAME = AppIcon;
				ASSETCATALOG_COMPILER_GLOBAL_ACCENT_COLOR_NAME = AccentColor;
				CODE_SIGN_ENTITLEMENTS = AICalorieEstimator/AICalorieEstimator.entitlements;
				CODE_SIGN_STYLE = Automatic;
				CURRENT_PROJECT_VERSION = 1;
				DEVELOPMENT_TEAM = 2RF44L5UDV;
				ENABLE_APP_SANDBOX = YES;
				ENABLE_HARDENED_RUNTIME = YES;
				ENABLE_PREVIEWS = YES;
				ENABLE_USER_SELECTED_FILES = readonly;
				GENERATE_INFOPLIST_FILE = YES;
				INFOPLIST_FILE = AICalorieEstimator/Info.plist;
				INFOPLIST_KEY_LSApplicationCategoryType = "Privacy - Photo Library Usage Description";
				INFOPLIST_KEY_NSCameraUsageDescription = "We need camera access to capture food photos for calorie analysis.";
				INFOPLIST_KEY_NSHealthShareUsageDescription = "We need access to your weight and steps to provide accurate recommendations.";
				INFOPLIST_KEY_NSHealthUpdateUsageDescription = "We need permission to write nutrition data to the Health App.";
				INFOPLIST_KEY_NSMotionUsageDescription = "We use your step count to calculate your Total Daily Energy Expenditure (TDEE).";
				INFOPLIST_KEY_NSPhotoLibraryUsageDescription = "We need photo library access to select food photos.";
				"INFOPLIST_KEY_UIApplicationSceneManifest_Generation[sdk=iphoneos*]" = YES;
				"INFOPLIST_KEY_UIApplicationSceneManifest_Generation[sdk=iphonesimulator*]" = YES;
				"INFOPLIST_KEY_UIApplicationSupportsIndirectInputEvents[sdk=iphoneos*]" = YES;
				"INFOPLIST_KEY_UIApplicationSupportsIndirectInputEvents[sdk=iphonesimulator*]" = YES;
				"INFOPLIST_KEY_UILaunchScreen_Generation[sdk=iphoneos*]" = YES;
				"INFOPLIST_KEY_UILaunchScreen_Generation[sdk=iphonesimulator*]" = YES;
				"INFOPLIST_KEY_UIStatusBarStyle[sdk=iphoneos*]" = UIStatusBarStyleDefault;
				"INFOPLIST_KEY_UIStatusBarStyle[sdk=iphonesimulator*]" = UIStatusBarStyleDefault;
				INFOPLIST_KEY_UISupportedInterfaceOrientations_iPad = "UIInterfaceOrientationPortrait UIInterfaceOrientationPortraitUpsideDown UIInterfaceOrientationLandscapeLeft UIInterfaceOrientationLandscapeRight";
				INFOPLIST_KEY_UISupportedInterfaceOrientations_iPhone = "UIInterfaceOrientationPortrait UIInterfaceOrientationLandscapeLeft UIInterfaceOrientationLandscapeRight";
				IPHONEOS_DEPLOYMENT_TARGET = 18.6;
				LD_RUNPATH_SEARCH_PATHS = "@executable_path/Frameworks";
				"LD_RUNPATH_SEARCH_PATHS[sdk=macosx*]" = "@executable_path/../Frameworks";
				MACOSX_DEPLOYMENT_TARGET = 26.1;
				MARKETING_VERSION = 1.3;
				PRODUCT_BUNDLE_IDENTIFIER = tw.yian.AICalorieEstimator;
				PRODUCT_NAME = "$(TARGET_NAME)";
				REGISTER_APP_GROUPS = YES;
				SDKROOT = auto;
				STRING_CATALOG_GENERATE_SYMBOLS = YES;
				SUPPORTED_PLATFORMS = "iphoneos iphonesimulator";
				SUPPORTS_MACCATALYST = NO;
				SWIFT_APPROACHABLE_CONCURRENCY = YES;
				SWIFT_DEFAULT_ACTOR_ISOLATION = MainActor;
				SWIFT_EMIT_LOC_STRINGS = YES;
				SWIFT_UPCOMING_FEATURE_MEMBER_IMPORT_VISIBILITY = YES;
				SWIFT_VERSION = 5.0;
				TARGETED_DEVICE_FAMILY = 1;
				XROS_DEPLOYMENT_TARGET = 26.1;
			};
			name = Debug;
		};
		4C8D7F642EC56D6900B42753 /* Release */ = {
			isa = XCBuildConfiguration;
			buildSettings = {
				ASSETCATALOG_COMPILER_APPICON_NAME = AppIcon;
				ASSETCATALOG_COMPILER_GLOBAL_ACCENT_COLOR_NAME = AccentColor;
				CODE_SIGN_ENTITLEMENTS = AICalorieEstimator/AICalorieEstimator.entitlements;
				CODE_SIGN_STYLE = Automatic;
				CURRENT_PROJECT_VERSION = 1;
				DEVELOPMENT_TEAM = 2RF44L5UDV;
				ENABLE_APP_SANDBOX = YES;
				ENABLE_HARDENED_RUNTIME = YES;
				ENABLE_PREVIEWS = YES;
				ENABLE_USER_SELECTED_FILES = readonly;
				GENERATE_INFOPLIST_FILE = YES;
				INFOPLIST_FILE = AICalorieEstimator/Info.plist;
				INFOPLIST_KEY_LSApplicationCategoryType = "Privacy - Photo Library Usage Description";
				INFOPLIST_KEY_NSCameraUsageDescription = "We need camera access to capture food photos for calorie analysis.";
				INFOPLIST_KEY_NSHealthShareUsageDescription = "We need access to your weight and steps to provide accurate recommendations.";
				INFOPLIST_KEY_NSHealthUpdateUsageDescription = "We need permission to write nutrition data to the Health App.";
				INFOPLIST_KEY_NSMotionUsageDescription = "We use your step count to calculate your Total Daily Energy Expenditure (TDEE).";
				INFOPLIST_KEY_NSPhotoLibraryUsageDescription = "We need photo library access to select food photos.";
				"INFOPLIST_KEY_UIApplicationSceneManifest_Generation[sdk=iphoneos*]" = YES;
				"INFOPLIST_KEY_UIApplicationSceneManifest_Generation[sdk=iphonesimulator*]" = YES;
				"INFOPLIST_KEY_UIApplicationSupportsIndirectInputEvents[sdk=iphoneos*]" = YES;
				"INFOPLIST_KEY_UIApplicationSupportsIndirectInputEvents[sdk=iphonesimulator*]" = YES;
				"INFOPLIST_KEY_UILaunchScreen_Generation[sdk=iphoneos*]" = YES;
				"INFOPLIST_KEY_UILaunchScreen_Generation[sdk=iphonesimulator*]" = YES;
				"INFOPLIST_KEY_UIStatusBarStyle[sdk=iphoneos*]" = UIStatusBarStyleDefault;
				"INFOPLIST_KEY_UIStatusBarStyle[sdk=iphonesimulator*]" = UIStatusBarStyleDefault;
				INFOPLIST_KEY_UISupportedInterfaceOrientations_iPad = "UIInterfaceOrientationPortrait UIInterfaceOrientationPortraitUpsideDown UIInterfaceOrientationLandscapeLeft UIInterfaceOrientationLandscapeRight";
				INFOPLIST_KEY_UISupportedInterfaceOrientations_iPhone = "UIInterfaceOrientationPortrait UIInterfaceOrientationLandscapeLeft UIInterfaceOrientationLandscapeRight";
				IPHONEOS_DEPLOYMENT_TARGET = 18.6;
				LD_RUNPATH_SEARCH_PATHS = "@executable_path/Frameworks";
				"LD_RUNPATH_SEARCH_PATHS[sdk=macosx*]" = "@executable_path/../Frameworks";
				MACOSX_DEPLOYMENT_TARGET = 26.1;
				MARKETING_VERSION = 1.3;
				PRODUCT_BUNDLE_IDENTIFIER = tw.yian.AICalorieEstimator;
				PRODUCT_NAME = "$(TARGET_NAME)";
				REGISTER_APP_GROUPS = YES;
				SDKROOT = auto;
				STRING_CATALOG_GENERATE_SYMBOLS = YES;
				SUPPORTED_PLATFORMS = "iphoneos iphonesimulator";
				SUPPORTS_MACCATALYST = NO;
				SWIFT_APPROACHABLE_CONCURRENCY = YES;
				SWIFT_DEFAULT_ACTOR_ISOLATION = MainActor;
				SWIFT_EMIT_LOC_STRINGS = YES;
				SWIFT_UPCOMING_FEATURE_MEMBER_IMPORT_VISIBILITY = YES;
				SWIFT_VERSION = 5.0;
				TARGETED_DEVICE_FAMILY = 1;
				XROS_DEPLOYMENT_TARGET = 26.1;
			};
			name = Release;
		};
		4C8D7F662EC56D6900B42753 /* Debug */ = {
			isa = XCBuildConfiguration;
			buildSettings = {
				BUNDLE_LOADER = "$(TEST_HOST)";
				CODE_SIGN_STYLE = Automatic;
				CURRENT_PROJECT_VERSION = 1;
				DEVELOPMENT_TEAM = 2RF44L5UDV;
				GENERATE_INFOPLIST_FILE = YES;
				IPHONEOS_DEPLOYMENT_TARGET = 26.1;
				MACOSX_DEPLOYMENT_TARGET = 26.1;
				MARKETING_VERSION = 1.0;
				PRODUCT_BUNDLE_IDENTIFIER = tw.yian.AICalorieEstimatorTests;
				PRODUCT_NAME = "$(TARGET_NAME)";
				SDKROOT = auto;
				STRING_CATALOG_GENERATE_SYMBOLS = NO;
				SUPPORTED_PLATFORMS = "iphoneos iphonesimulator";
				SUPPORTS_MACCATALYST = NO;
				SWIFT_APPROACHABLE_CONCURRENCY = YES;
				SWIFT_EMIT_LOC_STRINGS = NO;
				SWIFT_UPCOMING_FEATURE_MEMBER_IMPORT_VISIBILITY = YES;
				SWIFT_VERSION = 5.0;
				TARGETED_DEVICE_FAMILY = "1,2";
				TEST_HOST = "$(BUILT_PRODUCTS_DIR)/AICalorieEstimator.app/$(BUNDLE_EXECUTABLE_FOLDER_PATH)/AICalorieEstimator";
				XROS_DEPLOYMENT_TARGET = 26.1;
			};
			name = Debug;
		};
		4C8D7F672EC56D6900B42753 /* Release */ = {
			isa = XCBuildConfiguration;
			buildSettings = {
				BUNDLE_LOADER = "$(TEST_HOST)";
				CODE_SIGN_STYLE = Automatic;
				CURRENT_PROJECT_VERSION = 1;
				DEVELOPMENT_TEAM = 2RF44L5UDV;
				GENERATE_INFOPLIST_FILE = YES;
				IPHONEOS_DEPLOYMENT_TARGET = 26.1;
				MACOSX_DEPLOYMENT_TARGET = 26.1;
				MARKETING_VERSION = 1.0;
				PRODUCT_BUNDLE_IDENTIFIER = tw.yian.AICalorieEstimatorTests;
				PRODUCT_NAME = "$(TARGET_NAME)";
				SDKROOT = auto;
				STRING_CATALOG_GENERATE_SYMBOLS = NO;
				SUPPORTED_PLATFORMS = "iphoneos iphonesimulator";
				SUPPORTS_MACCATALYST = NO;
				SWIFT_APPROACHABLE_CONCURRENCY = YES;
				SWIFT_EMIT_LOC_STRINGS = NO;
				SWIFT_UPCOMING_FEATURE_MEMBER_IMPORT_VISIBILITY = YES;
				SWIFT_VERSION = 5.0;
				TARGETED_DEVICE_FAMILY = "1,2";
				TEST_HOST = "$(BUILT_PRODUCTS_DIR)/AICalorieEstimator.app/$(BUNDLE_EXECUTABLE_FOLDER_PATH)/AICalorieEstimator";
				XROS_DEPLOYMENT_TARGET = 26.1;
			};
			name = Release;
		};
		4C8D7F692EC56D6900B42753 /* Debug */ = {
			isa = XCBuildConfiguration;
			buildSettings = {
				CODE_SIGN_STYLE = Automatic;
				CURRENT_PROJECT_VERSION = 1;
				DEVELOPMENT_TEAM = 2RF44L5UDV;
				GENERATE_INFOPLIST_FILE = YES;
				IPHONEOS_DEPLOYMENT_TARGET = 26.1;
				MACOSX_DEPLOYMENT_TARGET = 26.1;
				MARKETING_VERSION = 1.0;
				PRODUCT_BUNDLE_IDENTIFIER = tw.yian.AICalorieEstimatorUITests;
				PRODUCT_NAME = "$(TARGET_NAME)";
				SDKROOT = auto;
				STRING_CATALOG_GENERATE_SYMBOLS = NO;
				SUPPORTED_PLATFORMS = "iphoneos iphonesimulator macosx xros xrsimulator";
				SWIFT_APPROACHABLE_CONCURRENCY = YES;
				SWIFT_EMIT_LOC_STRINGS = NO;
				SWIFT_UPCOMING_FEATURE_MEMBER_IMPORT_VISIBILITY = YES;
				SWIFT_VERSION = 5.0;
				TARGETED_DEVICE_FAMILY = "1,2,7";
				TEST_TARGET_NAME = AICalorieEstimator;
				XROS_DEPLOYMENT_TARGET = 26.1;
			};
			name = Debug;
		};
		4C8D7F6A2EC56D6900B42753 /* Release */ = {
			isa = XCBuildConfiguration;
			buildSettings = {
				CODE_SIGN_STYLE = Automatic;
				CURRENT_PROJECT_VERSION = 1;
				DEVELOPMENT_TEAM = 2RF44L5UDV;
				GENERATE_INFOPLIST_FILE = YES;
				IPHONEOS_DEPLOYMENT_TARGET = 26.1;
				MACOSX_DEPLOYMENT_TARGET = 26.1;
				MARKETING_VERSION = 1.0;
				PRODUCT_BUNDLE_IDENTIFIER = tw.yian.AICalorieEstimatorUITests;
				PRODUCT_NAME = "$(TARGET_NAME)";
				SDKROOT = auto;
				STRING_CATALOG_GENERATE_SYMBOLS = NO;
				SUPPORTED_PLATFORMS = "iphoneos iphonesimulator macosx xros xrsimulator";
				SWIFT_APPROACHABLE_CONCURRENCY = YES;
				SWIFT_EMIT_LOC_STRINGS = NO;
				SWIFT_UPCOMING_FEATURE_MEMBER_IMPORT_VISIBILITY = YES;
				SWIFT_VERSION = 5.0;
				TARGETED_DEVICE_FAMILY = "1,2,7";
				TEST_TARGET_NAME = AICalorieEstimator;
				XROS_DEPLOYMENT_TARGET = 26.1;
			};
			name = Release;
		};
/* End XCBuildConfiguration section */

/* Begin XCConfigurationList section */
		4C8D7F3A2EC56D6700B42753 /* Build configuration list for PBXProject "AICalorieEstimator" */ = {
			isa = XCConfigurationList;
			buildConfigurations = (
				4C8D7F602EC56D6900B42753 /* Debug */,
				4C8D7F612EC56D6900B42753 /* Release */,
			);
			defaultConfigurationIsVisible = 0;
			defaultConfigurationName = Release;
		};
		4C8D7F622EC56D6900B42753 /* Build configuration list for PBXNativeTarget "AICalorieEstimator" */ = {
			isa = XCConfigurationList;
			buildConfigurations = (
				4C8D7F632EC56D6900B42753 /* Debug */,
				4C8D7F642EC56D6900B42753 /* Release */,
			);
			defaultConfigurationIsVisible = 0;
			defaultConfigurationName = Release;
		};
		4C8D7F652EC56D6900B42753 /* Build configuration list for PBXNativeTarget "AICalorieEstimatorTests" */ = {
			isa = XCConfigurationList;
			buildConfigurations = (
				4C8D7F662EC56D6900B42753 /* Debug */,
				4C8D7F672EC56D6900B42753 /* Release */,
			);
			defaultConfigurationIsVisible = 0;
			defaultConfigurationName = Release;
		};
		4C8D7F682EC56D6900B42753 /* Build configuration list for PBXNativeTarget "AICalorieEstimatorUITests" */ = {
			isa = XCConfigurationList;
			buildConfigurations = (
				4C8D7F692EC56D6900B42753 /* Debug */,
				4C8D7F6A2EC56D6900B42753 /* Release */,
			);
			defaultConfigurationIsVisible = 0;
			defaultConfigurationName = Release;
		};
/* End XCConfigurationList section */

/* Begin XCRemoteSwiftPackageReference section */
		4C5BCAFD2EC818570046E6EE /* XCRemoteSwiftPackageReference "purchases-ios" */ = {
			isa = XCRemoteSwiftPackageReference;
			repositoryURL = "https://github.com/RevenueCat/purchases-ios";
			requirement = {
				kind = upToNextMajorVersion;
				minimumVersion = 5.48.0;
			};
		};
/* End XCRemoteSwiftPackageReference section */

/* Begin XCSwiftPackageProductDependency section */
		4C5BCAFE2EC818570046E6EE /* RevenueCat */ = {
			isa = XCSwiftPackageProductDependency;
			package = 4C5BCAFD2EC818570046E6EE /* XCRemoteSwiftPackageReference "purchases-ios" */;
			productName = RevenueCat;
		};
		4C5BCB002EC818570046E6EE /* RevenueCatUI */ = {
			isa = XCSwiftPackageProductDependency;
			package = 4C5BCAFD2EC818570046E6EE /* XCRemoteSwiftPackageReference "purchases-ios" */;
			productName = RevenueCatUI;
		};
/* End XCSwiftPackageProductDependency section */
	};
	rootObject = 4C8D7F372EC56D6700B42753 /* Project object */;
}
